Microsoft Visual Studio Solution File, Format Version 12.00
# Visual Studio Version 17
VisualStudioVersion = 17.5.2.0
MinimumVisualStudioVersion = 10.0.40219.1
Project("{FAE04EC0-301F-11D3-BF4B-00C04F79EFBC}") = "CalculatorApp.Tests", "CalculatorApp.Tests.csproj", "{27C0C681-9F6F-380B-6EDB-4C83EF9CD554}"
EndProject
Global
	GlobalSection(SolutionConfigurationPlatforms) = preSolution
		Debug|Any CPU = Debug|Any CPU
		Release|Any CPU = Release|Any CPU
	EndGlobalSection
	GlobalSection(ProjectConfigurationPlatforms) = postSolution
		{27C0C681-9F6F-380B-6EDB-4C83EF9CD554}.Debug|Any CPU.ActiveCfg = Debug|Any CPU
		{27C0C681-9F6F-380B-6EDB-4C83EF9CD554}.Debug|Any CPU.Build.0 = Debug|Any CPU
		{27C0C681-9F6F-380B-6EDB-4C83EF9CD554}.Release|Any CPU.ActiveCfg = Release|Any CPU
		{27C0C681-9F6F-380B-6EDB-4C83EF9CD554}.Release|Any CPU.Build.0 = Release|Any CPU
	EndGlobalSection
	GlobalSection(SolutionProperties) = preSolution
		HideSolutionNode = FALSE
	EndGlobalSection
	GlobalSection(ExtensibilityGlobals) = postSolution
		SolutionGuid = {3EBF392B-184D-4DD6-B825-4C234DD88329}
	EndGlobalSection
EndGlobal
